// !$*UTF8*$!
{
	archiveVersion = 1;
	classes = {
	};
	objectVersion = 55;
	objects = {

/* Begin PBXBuildFile section */
		483E159CC2B5C72378FAA656 /* Pods_Observable___Subject.framework in Frameworks */ = {isa = PBXBuildFile; fileRef = C7B6CC7C922034C15F96D77C /* Pods_Observable___Subject.framework */; };
		530D2E50278D2ECE00DA073D /* AppDelegate.swift in Sources */ = {isa = PBXBuildFile; fileRef = 530D2E4F278D2ECE00DA073D /* AppDelegate.swift */; };
		530D2E52278D2ECE00DA073D /* SceneDelegate.swift in Sources */ = {isa = PBXBuildFile; fileRef = 530D2E51278D2ECE00DA073D /* SceneDelegate.swift */; };
		530D2E54278D2ECE00DA073D /* ViewController.swift in Sources */ = {isa = PBXBuildFile; fileRef = 530D2E53278D2ECE00DA073D /* ViewController.swift */; };
		530D2E57278D2ECE00DA073D /* Main.storyboard in Resources */ = {isa = PBXBuildFile; fileRef = 530D2E55278D2ECE00DA073D /* Main.storyboard */; };
		530D2E59278D2ED000DA073D /* Assets.xcassets in Resources */ = {isa = PBXBuildFile; fileRef = 530D2E58278D2ED000DA073D /* Assets.xcassets */; };
		530D2E5C278D2ED000DA073D /* LaunchScreen.storyboard in Resources */ = {isa = PBXBuildFile; fileRef = 530D2E5A278D2ED000DA073D /* LaunchScreen.storyboard */; };
/* End PBXBuildFile section */

/* Begin PBXFileReference section */
		530D2E4C278D2ECE00DA073D /* Observable & Subject.app */ = {isa = PBXFileReference; explicitFileType = wrapper.application; includeInIndex = 0; path = "Observable & Subject.app"; sourceTree = BUILT_PRODUCTS_DIR; };
		530D2E4F278D2ECE00DA073D /* AppDelegate.swift */ = {isa = PBXFileReference; lastKnownFileType = sourcecode.swift; path = AppDelegate.swift; sourceTree = "<group>"; };
		530D2E51278D2ECE00DA073D /* SceneDelegate.swift */ = {isa = PBXFileReference; lastKnownFileType = sourcecode.swift; path = SceneDelegate.swift; sourceTree = "<group>"; };
		530D2E53278D2ECE00DA073D /* ViewController.swift */ = {isa = PBXFileReference; lastKnownFileType = sourcecode.swift; path = ViewController.swift; sourceTree = "<group>"; };
		530D2E56278D2ECE00DA073D /* Base */ = {isa = PBXFileReference; lastKnownFileType = file.storyboard; name = Base; path = Base.lproj/Main.storyboard; sourceTree = "<group>"; };
		530D2E58278D2ED000DA073D /* Assets.xcassets */ = {isa = PBXFileReference; lastKnownFileType = folder.assetcatalog; path = Assets.xcassets; sourceTree = "<group>"; };
		530D2E5B278D2ED000DA073D /* Base */ = {isa = PBXFileReference; lastKnownFileType = file.storyboard; name = Base; path = Base.lproj/LaunchScreen.storyboard; sourceTree = "<group>"; };
		530D2E5D278D2ED000DA073D /* Info.plist */ = {isa = PBXFileReference; lastKnownFileType = text.plist.xml; path = Info.plist; sourceTree = "<group>"; };
		530D2E63278D2FC500DA073D /* Observables.playground */ = {isa = PBXFileReference; lastKnownFileType = file.playground; path = Observables.playground; sourceTree = "<group>"; };
		530D2E64278D307900DA073D /* Subject.playground */ = {isa = PBXFileReference; lastKnownFileType = file.playground; path = Subject.playground; sourceTree = "<group>"; xcLanguageSpecificationIdentifier = xcode.lang.swift; };
		9E2FE8B356725D8729B834C9 /* Pods-Observable & Subject.release.xcconfig */ = {isa = PBXFileReference; includeInIndex = 1; lastKnownFileType = text.xcconfig; name = "Pods-Observable & Subject.release.xcconfig"; path = "Target Support Files/Pods-Observable & Subject/Pods-Observable & Subject.release.xcconfig"; sourceTree = "<group>"; };
		C7B6CC7C922034C15F96D77C /* Pods_Observable___Subject.framework */ = {isa = PBXFileReference; explicitFileType = wrapper.framework; includeInIndex = 0; path = "Pods_Observable___Subject.framework"; sourceTree = BUILT_PRODUCTS_DIR; };
		FBC41F96046A887FF1FC646F /* Pods-Observable & Subject.debug.xcconfig */ = {isa = PBXFileReference; includeInIndex = 1; lastKnownFileType = text.xcconfig; name = "Pods-Observable & Subject.debug.xcconfig"; path = "Target Support Files/Pods-Observable & Subject/Pods-Observable & Subject.debug.xcconfig"; sourceTree = "<group>"; };
/* End PBXFileReference section */

/* Begin PBXFrameworksBuildPhase section */
		530D2E49278D2ECE00DA073D /* Frameworks */ = {
			isa = PBXFrameworksBuildPhase;
			buildActionMask = 2147483647;
			files = (
				483E159CC2B5C72378FAA656 /* Pods_Observable___Subject.framework in Frameworks */,
			);
			runOnlyForDeploymentPostprocessing = 0;
		};
/* End PBXFrameworksBuildPhase section */

/* Begin PBXGroup section */
		1F7A84716E752D1C2C1250F9 /* Pods */ = {
			isa = PBXGroup;
			children = (
				FBC41F96046A887FF1FC646F /* Pods-Observable & Subject.debug.xcconfig */,
				9E2FE8B356725D8729B834C9 /* Pods-Observable & Subject.release.xcconfig */,
			);
			path = Pods;
			sourceTree = "<group>";
		};
		2EB88A454DE26F3D13A18A8A /* Frameworks */ = {
			isa = PBXGroup;
			children = (
				C7B6CC7C922034C15F96D77C /* Pods_Observable___Subject.framework */,
			);
			name = Frameworks;
			sourceTree = "<group>";
		};
		530D2E43278D2ECE00DA073D = {
			isa = PBXGroup;
			children = (
				530D2E63278D2FC500DA073D /* Observables.playground */,
				530D2E64278D307900DA073D /* Subject.playground */,
				530D2E4E278D2ECE00DA073D /* Observable & Subject */,
				530D2E4D278D2ECE00DA073D /* Products */,
				1F7A84716E752D1C2C1250F9 /* Pods */,
				2EB88A454DE26F3D13A18A8A /* Frameworks */,
			);
			sourceTree = "<group>";
		};
		530D2E4D278D2ECE00DA073D /* Products */ = {
			isa = PBXGroup;
			children = (
				530D2E4C278D2ECE00DA073D /* Observable & Subject.app */,
			);
			name = Products;
			sourceTree = "<group>";
		};
		530D2E4E278D2ECE00DA073D /* Observable & Subject */ = {
			isa = PBXGroup;
			children = (
				530D2E4F278D2ECE00DA073D /* AppDelegate.swift */,
				530D2E51278D2ECE00DA073D /* SceneDelegate.swift */,
				530D2E53278D2ECE00DA073D /* ViewController.swift */,
				530D2E55278D2ECE00DA073D /* Main.storyboard */,
				530D2E58278D2ED000DA073D /* Assets.xcassets */,
				530D2E5A278D2ED000DA073D /* LaunchScreen.storyboard */,
				530D2E5D278D2ED000DA073D /* Info.plist */,
			);
			path = "Observable & Subject";
			sourceTree = "<group>";
		};
/* End PBXGroup section */

/* Begin PBXNativeTarget section */
		530D2E4B278D2ECE00DA073D /* Observable & Subject */ = {
			isa = PBXNativeTarget;
			buildConfigurationList = 530D2E60278D2ED000DA073D /* Build configuration list for PBXNativeTarget "Observable & Subject" */;
			buildPhases = (
				133C13DB79FA3048E89AF40C /* [CP] Check Pods Manifest.lock */,
				530D2E48278D2ECE00DA073D /* Sources */,
				530D2E49278D2ECE00DA073D /* Frameworks */,
				530D2E4A278D2ECE00DA073D /* Resources */,
				FAE08E67A679019300DED614 /* [CP] Embed Pods Frameworks */,
			);
			buildRules = (
			);
			dependencies = (
			);
			name = "Observable & Subject";
			productName = "Observable & Subject";
			productReference = 530D2E4C278D2ECE00DA073D /* Observable & Subject.app */;
			productType = "com.apple.product-type.application";
		};
/* End PBXNativeTarget section */

/* Begin PBXProject section */
		530D2E44278D2ECE00DA073D /* Project object */ = {
			isa = PBXProject;
			attributes = {
				BuildIndependentTargetsInParallel = 1;
				LastSwiftUpdateCheck = 1310;
				LastUpgradeCheck = 1310;
				TargetAttributes = {
					530D2E4B278D2ECE00DA073D = {
						CreatedOnToolsVersion = 13.1;
					};
				};
			};
			buildConfigurationList = 530D2E47278D2ECE00DA073D /* Build configuration list for PBXProject "Observable & Subject" */;
			compatibilityVersion = "Xcode 13.0";
			developmentRegion = en;
			hasScannedForEncodings = 0;
			knownRegions = (
				en,
				Base,
			);
			mainGroup = 530D2E43278D2ECE00DA073D;
			productRefGroup = 530D2E4D278D2ECE00DA073D /* Products */;
			projectDirPath = "";
			projectRoot = "";
			targets = (
				530D2E4B278D2ECE00DA073D /* Observable & Subject */,
			);
		};
/* End PBXProject section */

/* Begin PBXResourcesBuildPhase section */
		530D2E4A278D2ECE00DA073D /* Resources */ = {
			isa = PBXResourcesBuildPhase;
			buildActionMask = 2147483647;
			files = (
				530D2E5C278D2ED000DA073D /* LaunchScreen.storyboard in Resources */,
				530D2E59278D2ED000DA073D /* Assets.xcassets in Resources */,
				530D2E57278D2ECE00DA073D /* Main.storyboard in Resources */,
			);
			runOnlyForDeploymentPostprocessing = 0;
		};
/* End PBXResourcesBuildPhase section */

/* Begin PBXShellScriptBuildPhase section */
		133C13DB79FA3048E89AF40C /* [CP] Check Pods Manifest.lock */ = {
			isa = PBXShellScriptBuildPhase;
			buildActionMask = 2147483647;
			files = (
			);
			inputFileListPaths = (
			);
			inputPaths = (
				"${PODS_PODFILE_DIR_PATH}/Podfile.lock",
				"${PODS_ROOT}/Manifest.lock",
			);
			name = "[CP] Check Pods Manifest.lock";
			outputFileListPaths = (
			);
			outputPaths = (
				"$(DERIVED_FILE_DIR)/Pods-Observable & Subject-checkManifestLockResult.txt",
			);
			runOnlyForDeploymentPostprocessing = 0;
			shellPath = /bin/sh;
			shellScript = "diff \"${PODS_PODFILE_DIR_PATH}/Podfile.lock\" \"${PODS_ROOT}/Manifest.lock\" > /dev/null\nif [ $? != 0 ] ; then\n    # print error to STDERR\n    echo \"error: The sandbox is not in sync with the Podfile.lock. Run 'pod install' or update your CocoaPods installation.\" >&2\n    exit 1\nfi\n# This output is used by Xcode 'outputs' to avoid re-running this script phase.\necho \"SUCCESS\" > \"${SCRIPT_OUTPUT_FILE_0}\"\n";
			showEnvVarsInLog = 0;
		};
		FAE08E67A679019300DED614 /* [CP] Embed Pods Frameworks */ = {
			isa = PBXShellScriptBuildPhase;
			buildActionMask = 2147483647;
			files = (
			);
			inputFileListPaths = (
				"${PODS_ROOT}/Target Support Files/Pods-Observable & Subject/Pods-Observable & Subject-frameworks-${CONFIGURATION}-input-files.xcfilelist",
			);
			name = "[CP] Embed Pods Frameworks";
			outputFileListPaths = (
				"${PODS_ROOT}/Target Support Files/Pods-Observable & Subject/Pods-Observable & Subject-frameworks-${CONFIGURATION}-output-files.xcfilelist",
			);
			runOnlyForDeploymentPostprocessing = 0;
			shellPath = /bin/sh;
			shellScript = "\"${PODS_ROOT}/Target Support Files/Pods-Observable & Subject/Pods-Observable & Subject-frameworks.sh\"\n";
			showEnvVarsInLog = 0;
		};
/* End PBXShellScriptBuildPhase section */

/* Begin PBXSourcesBuildPhase section */
		530D2E48278D2ECE00DA073D /* Sources */ = {
			isa = PBXSourcesBuildPhase;
			buildActionMask = 2147483647;
			files = (
				530D2E54278D2ECE00DA073D /* ViewController.swift in Sources */,
				530D2E50278D2ECE00DA073D /* AppDelegate.swift in Sources */,
				530D2E52278D2ECE00DA073D /* SceneDelegate.swift in Sources */,
			);
			runOnlyForDeploymentPostprocessing = 0;
		};
/* End PBXSourcesBuildPhase section */

/* Begin PBXVariantGroup section */
		530D2E55278D2ECE00DA073D /* Main.storyboard */ = {
			isa = PBXVariantGroup;
			children = (
				530D2E56278D2ECE00DA073D /* Base */,
			);
			name = Main.storyboard;
			sourceTree = "<group>";
		};
		530D2E5A278D2ED000DA073D /* LaunchScreen.storyboard */ = {
			isa = PBXVariantGroup;
			children = (
				530D2E5B278D2ED000DA073D /* Base */,
			);
			name = LaunchScreen.storyboard;
			sourceTree = "<group>";
		};
/* End PBXVariantGroup section */

/* Begin XCBuildConfiguration section */
		530D2E5E278D2ED000DA073D /* Debug */ = {
			isa = XCBuildConfiguration;
			buildSettings = {
				ALWAYS_SEARCH_USER_PATHS = NO;
				CLANG_ANALYZER_NONNULL = YES;
				CLANG_ANALYZER_NUMBER_OBJECT_CONVERSION = YES_AGGRESSIVE;
				CLANG_CXX_LANGUAGE_STANDARD = "gnu++17";
				CLANG_CXX_LIBRARY = "libc++";
				CLANG_ENABLE_MODULES = YES;
				CLANG_ENABLE_OBJC_ARC = YES;
				CLANG_ENABLE_OBJC_WEAK = YES;
				CLANG_WARN_BLOCK_CAPTURE_AUTORELEASING = YES;
				CLANG_WARN_BOOL_CONVERSION = YES;
				CLANG_WARN_COMMA = YES;
				CLANG_WARN_CONSTANT_CONVERSION = YES;
				CLANG_WARN_DEPRECATED_OBJC_IMPLEMENTATIONS = YES;
				CLANG_WARN_DIRECT_OBJC_ISA_USAGE = YES_ERROR;
				CLANG_WARN_DOCUMENTATION_COMMENTS = YES;
				CLANG_WARN_EMPTY_BODY = YES;
				CLANG_WARN_ENUM_CONVERSION = YES;
				CLANG_WARN_INFINITE_RECURSION = YES;
				CLANG_WARN_INT_CONVERSION = YES;
				CLANG_WARN_NON_LITERAL_NULL_CONVERSION = YES;
				CLANG_WARN_OBJC_IMPLICIT_RETAIN_SELF = YES;
				CLANG_WARN_OBJC_LITERAL_CONVERSION = YES;
				CLANG_WARN_OBJC_ROOT_CLASS = YES_ERROR;
				CLANG_WARN_QUOTED_INCLUDE_IN_FRAMEWORK_HEADER = YES;
				CLANG_WARN_RANGE_LOOP_ANALYSIS = YES;
				CLANG_WARN_STRICT_PROTOTYPES = YES;
				CLANG_WARN_SUSPICIOUS_MOVE = YES;
				CLANG_WARN_UNGUARDED_AVAILABILITY = YES_AGGRESSIVE;
				CLANG_WARN_UNREACHABLE_CODE = YES;
				CLANG_WARN__DUPLICATE_METHOD_MATCH = YES;
				COPY_PHASE_STRIP = NO;
				DEBUG_INFORMATION_FORMAT = dwarf;
				ENABLE_STRICT_OBJC_MSGSEND = YES;
				ENABLE_TESTABILITY = YES;
				GCC_C_LANGUAGE_STANDARD = gnu11;
				GCC_DYNAMIC_NO_PIC = NO;
				GCC_NO_COMMON_BLOCKS = YES;
				GCC_OPTIMIZATION_LEVEL = 0;
				GCC_PREPROCESSOR_DEFINITIONS = (
					"DEBUG=1",
					"$(inherited)",
				);
				GCC_WARN_64_TO_32_BIT_CONVERSION = YES;
				GCC_WARN_ABOUT_RETURN_TYPE = YES_ERROR;
				GCC_WARN_UNDECLARED_SELECTOR = YES;
				GCC_WARN_UNINITIALIZED_AUTOS = YES_AGGRESSIVE;
				GCC_WARN_UNUSED_FUNCTION = YES;
				GCC_WARN_UNUSED_VARIABLE = YES;
				IPHONEOS_DEPLOYMENT_TARGET = 15.0;
				MTL_ENABLE_DEBUG_INFO = INCLUDE_SOURCE;
				MTL_FAST_MATH = YES;
				ONLY_ACTIVE_ARCH = YES;
				SDKROOT = iphoneos;
				SWIFT_ACTIVE_COMPILATION_CONDITIONS = DEBUG;
				SWIFT_OPTIMIZATION_LEVEL = "-Onone";
			};
			name = Debug;
		};
		530D2E5F278D2ED000DA073D /* Release */ = {
			isa = XCBuildConfiguration;
			buildSettings = {
				ALWAYS_SEARCH_USER_PATHS = NO;
				CLANG_ANALYZER_NONNULL = YES;
				CLANG_ANALYZER_NUMBER_OBJECT_CONVERSION = YES_AGGRESSIVE;
				CLANG_CXX_LANGUAGE_STANDARD = "gnu++17";
				CLANG_CXX_LIBRARY = "libc++";
				CLANG_ENABLE_MODULES = YES;
				CLANG_ENABLE_OBJC_ARC = YES;
				CLANG_ENABLE_OBJC_WEAK = YES;
				CLANG_WARN_BLOCK_CAPTURE_AUTORELEASING = YES;
				CLANG_WARN_BOOL_CONVERSION = YES;
				CLANG_WARN_COMMA = YES;
				CLANG_WARN_CONSTANT_CONVERSION = YES;
				CLANG_WARN_DEPRECATED_OBJC_IMPLEMENTATIONS = YES;
				CLANG_WARN_DIRECT_OBJC_ISA_USAGE = YES_ERROR;
				CLANG_WARN_DOCUMENTATION_COMMENTS = YES;
				CLANG_WARN_EMPTY_BODY = YES;
				CLANG_WARN_ENUM_CONVERSION = YES;
				CLANG_WARN_INFINITE_RECURSION = YES;
				CLANG_WARN_INT_CONVERSION = YES;
				CLANG_WARN_NON_LITERAL_NULL_CONVERSION = YES;
				CLANG_WARN_OBJC_IMPLICIT_RETAIN_SELF = YES;
				CLANG_WARN_OBJC_LITERAL_CONVERSION = YES;
				CLANG_WARN_OBJC_ROOT_CLASS = YES_ERROR;
				CLANG_WARN_QUOTED_INCLUDE_IN_FRAMEWORK_HEADER = YES;
				CLANG_WARN_RANGE_LOOP_ANALYSIS = YES;
				CLANG_WARN_STRICT_PROTOTYPES = YES;
				CLANG_WARN_SUSPICIOUS_MOVE = YES;
				CLANG_WARN_UNGUARDED_AVAILABILITY = YES_AGGRESSIVE;
				CLANG_WARN_UNREACHABLE_CODE = YES;
				CLANG_WARN__DUPLICATE_METHOD_MATCH = YES;
				COPY_PHASE_STRIP = NO;
				DEBUG_INFORMATION_FORMAT = "dwarf-with-dsym";
				ENABLE_NS_ASSERTIONS = NO;
				ENABLE_STRICT_OBJC_MSGSEND = YES;
				GCC_C_LANGUAGE_STANDARD = gnu11;
				GCC_NO_COMMON_BLOCKS = YES;
				GCC_WARN_64_TO_32_BIT_CONVERSION = YES;
				GCC_WARN_ABOUT_RETURN_TYPE = YES_ERROR;
				GCC_WARN_UNDECLARED_SELECTOR = YES;
				GCC_WARN_UNINITIALIZED_AUTOS = YES_AGGRESSIVE;
				GCC_WARN_UNUSED_FUNCTION = YES;
				GCC_WARN_UNUSED_VARIABLE = YES;
				IPHONEOS_DEPLOYMENT_TARGET = 15.0;
				MTL_ENABLE_DEBUG_INFO = NO;
				MTL_FAST_MATH = YES;
				SDKROOT = iphoneos;
				SWIFT_COMPILATION_MODE = wholemodule;
				SWIFT_OPTIMIZATION_LEVEL = "-O";
				VALIDATE_PRODUCT = YES;
			};
			name = Release;
		};
		530D2E61278D2ED000DA073D /* Debug */ = {
			isa = XCBuildConfiguration;
			baseConfigurationReference = FBC41F96046A887FF1FC646F /* Pods-Observable & Subject.debug.xcconfig */;
			buildSettings = {
				ASSETCATALOG_COMPILER_APPICON_NAME = AppIcon;
				ASSETCATALOG_COMPILER_GLOBAL_ACCENT_COLOR_NAME = AccentColor;
				CODE_SIGN_STYLE = Automatic;
				CURRENT_PROJECT_VERSION = 1;
				DEVELOPMENT_TEAM = V8F84V937W;
				GENERATE_INFOPLIST_FILE = YES;
				INFOPLIST_FILE = "Observable & Subject/Info.plist";
				INFOPLIST_KEY_UIApplicationSupportsIndirectInputEvents = YES;
				INFOPLIST_KEY_UILaunchStoryboardName = LaunchScreen;
				INFOPLIST_KEY_UIMainStoryboardFile = Main;
				INFOPLIST_KEY_UISupportedInterfaceOrientations_iPad = "UIInterfaceOrientationPortrait UIInterfaceOrientationPortraitUpsideDown UIInterfaceOrientationLandscapeLeft UIInterfaceOrientationLandscapeRight";
				INFOPLIST_KEY_UISupportedInterfaceOrientations_iPhone = "UIInterfaceOrientationPortrait UIInterfaceOrientationLandscapeLeft UIInterfaceOrientationLandscapeRight";
				LD_RUNPATH_SEARCH_PATHS = (
					"$(inherited)",
					"@executable_path/Frameworks",
				);
				MARKETING_VERSION = 1.0;
				PRODUCT_BUNDLE_IDENTIFIER = "com.quy13.Observable---Subject";
				PRODUCT_NAME = "$(TARGET_NAME)";
				SWIFT_EMIT_LOC_STRINGS = YES;
				SWIFT_VERSION = 5.0;
				TARGETED_DEVICE_FAMILY = "1,2";
			};
			name = Debug;
		};
		530D2E62278D2ED000DA073D /* Release */ = {
			isa = XCBuildConfiguration;
			baseConfigurationReference = 9E2FE8B356725D8729B834C9 /* Pods-Observable & Subject.release.xcconfig */;
			buildSettings = {
				ASSETCATALOG_COMPILER_APPICON_NAME = AppIcon;
				ASSETCATALOG_COMPILER_GLOBAL_ACCENT_COLOR_NAME = AccentColor;
				CODE_SIGN_STYLE = Automatic;
				CURRENT_PROJECT_VERSION = 1;
				DEVELOPMENT_TEAM = V8F84V937W;
				GENERATE_INFOPLIST_FILE = YES;
				INFOPLIST_FILE = "Observable & Subject/Info.plist";
				INFOPLIST_KEY_UIApplicationSupportsIndirectInputEvents = YES;
				INFOPLIST_KEY_UILaunchStoryboardName = LaunchScreen;
				INFOPLIST_KEY_UIMainStoryboardFile = Main;
				INFOPLIST_KEY_UISupportedInterfaceOrientations_iPad = "UIInterfaceOrientationPortrait UIInterfaceOrientationPortraitUpsideDown UIInterfaceOrientationLandscapeLeft UIInterfaceOrientationLandscapeRight";
				INFOPLIST_KEY_UISupportedInterfaceOrientations_iPhone = "UIInterfaceOrientationPortrait UIInterfaceOrientationLandscapeLeft UIInterfaceOrientationLandscapeRight";
				LD_RUNPATH_SEARCH_PATHS = (
					"$(inherited)",
					"@executable_path/Frameworks",
				);
				MARKETING_VERSION = 1.0;
				PRODUCT_BUNDLE_IDENTIFIER = "com.quy13.Observable---Subject";
				PRODUCT_NAME = "$(TARGET_NAME)";
				SWIFT_EMIT_LOC_STRINGS = YES;
				SWIFT_VERSION = 5.0;
				TARGETED_DEVICE_FAMILY = "1,2";
			};
			name = Release;
		};
/* End XCBuildConfiguration section */

/* Begin XCConfigurationList section */
		530D2E47278D2ECE00DA073D /* Build configuration list for PBXProject "Observable & Subject" */ = {
			isa = XCConfigurationList;
			buildConfigurations = (
				530D2E5E278D2ED000DA073D /* Debug */,
				530D2E5F278D2ED000DA073D /* Release */,
			);
			defaultConfigurationIsVisible = 0;
			defaultConfigurationName = Release;
		};
		530D2E60278D2ED000DA073D /* Build configuration list for PBXNativeTarget "Observable & Subject" */ = {
			isa = XCConfigurationList;
			buildConfigurations = (
				530D2E61278D2ED000DA073D /* Debug */,
				530D2E62278D2ED000DA073D /* Release */,
			);
			defaultConfigurationIsVisible = 0;
			defaultConfigurationName = Release;
		};
/* End XCConfigurationList section */
	};
	rootObject = 530D2E44278D2ECE00DA073D /* Project object */;
}
