// !$*UTF8*$!
{
	archiveVersion = 1;
	classes = {
	};
	objectVersion = 55;
	objects = {

/* Begin PBXBuildFile section */
		8D8B3ED42798F868002CAC65 /* AppDelegate.swift in Sources */ = {isa = PBXBuildFile; fileRef = 8D8B3ED32798F868002CAC65 /* AppDelegate.swift */; };
		8D8B3ED62798F868002CAC65 /* SceneDelegate.swift in Sources */ = {isa = PBXBuildFile; fileRef = 8D8B3ED52798F868002CAC65 /* SceneDelegate.swift */; };
		8D8B3EDD2798F869002CAC65 /* Assets.xcassets in Resources */ = {isa = PBXBuildFile; fileRef = 8D8B3EDC2798F869002CAC65 /* Assets.xcassets */; };
		8D8B3EE02798F869002CAC65 /* LaunchScreen.storyboard in Resources */ = {isa = PBXBuildFile; fileRef = 8D8B3EDE2798F869002CAC65 /* LaunchScreen.storyboard */; };
		8D8B3EE82798F891002CAC65 /* View.swift in Sources */ = {isa = PBXBuildFile; fileRef = 8D8B3EE72798F891002CAC65 /* View.swift */; };
		8D8B3EEA2798F8A2002CAC65 /* Interactor.swift in Sources */ = {isa = PBXBuildFile; fileRef = 8D8B3EE92798F8A2002CAC65 /* Interactor.swift */; };
		8D8B3EEC2798F8C4002CAC65 /* Presenter.swift in Sources */ = {isa = PBXBuildFile; fileRef = 8D8B3EEB2798F8C4002CAC65 /* Presenter.swift */; };
		8D8B3EEE2798F8DF002CAC65 /* Enity.swift in Sources */ = {isa = PBXBuildFile; fileRef = 8D8B3EED2798F8DF002CAC65 /* Enity.swift */; };
		8D8B3EF02798F8EC002CAC65 /* Router.swift in Sources */ = {isa = PBXBuildFile; fileRef = 8D8B3EEF2798F8EC002CAC65 /* Router.swift */; };
/* End PBXBuildFile section */

/* Begin PBXFileReference section */
		8D8B3ED02798F868002CAC65 /* VIPER Architecture.app */ = {isa = PBXFileReference; explicitFileType = wrapper.application; includeInIndex = 0; path = "VIPER Architecture.app"; sourceTree = BUILT_PRODUCTS_DIR; };
		8D8B3ED32798F868002CAC65 /* AppDelegate.swift */ = {isa = PBXFileReference; lastKnownFileType = sourcecode.swift; path = AppDelegate.swift; sourceTree = "<group>"; };
		8D8B3ED52798F868002CAC65 /* SceneDelegate.swift */ = {isa = PBXFileReference; lastKnownFileType = sourcecode.swift; path = SceneDelegate.swift; sourceTree = "<group>"; };
		8D8B3EDC2798F869002CAC65 /* Assets.xcassets */ = {isa = PBXFileReference; lastKnownFileType = folder.assetcatalog; path = Assets.xcassets; sourceTree = "<group>"; };
		8D8B3EDF2798F869002CAC65 /* Base */ = {isa = PBXFileReference; lastKnownFileType = file.storyboard; name = Base; path = Base.lproj/LaunchScreen.storyboard; sourceTree = "<group>"; };
		8D8B3EE12798F869002CAC65 /* Info.plist */ = {isa = PBXFileReference; lastKnownFileType = text.plist.xml; path = Info.plist; sourceTree = "<group>"; };
		8D8B3EE72798F891002CAC65 /* View.swift */ = {isa = PBXFileReference; lastKnownFileType = sourcecode.swift; path = View.swift; sourceTree = "<group>"; };
		8D8B3EE92798F8A2002CAC65 /* Interactor.swift */ = {isa = PBXFileReference; lastKnownFileType = sourcecode.swift; path = Interactor.swift; sourceTree = "<group>"; };
		8D8B3EEB2798F8C4002CAC65 /* Presenter.swift */ = {isa = PBXFileReference; lastKnownFileType = sourcecode.swift; path = Presenter.swift; sourceTree = "<group>"; };
		8D8B3EED2798F8DF002CAC65 /* Enity.swift */ = {isa = PBXFileReference; lastKnownFileType = sourcecode.swift; path = Enity.swift; sourceTree = "<group>"; };
		8D8B3EEF2798F8EC002CAC65 /* Router.swift */ = {isa = PBXFileReference; lastKnownFileType = sourcecode.swift; path = Router.swift; sourceTree = "<group>"; };
/* End PBXFileReference section */

/* Begin PBXFrameworksBuildPhase section */
		8D8B3ECD2798F868002CAC65 /* Frameworks */ = {
			isa = PBXFrameworksBuildPhase;
			buildActionMask = 2147483647;
			files = (
			);
			runOnlyForDeploymentPostprocessing = 0;
		};
/* End PBXFrameworksBuildPhase section */

/* Begin PBXGroup section */
		8D8B3EC72798F868002CAC65 = {
			isa = PBXGroup;
			children = (
				8D8B3ED22798F868002CAC65 /* VIPER Architecture */,
				8D8B3ED12798F868002CAC65 /* Products */,
			);
			sourceTree = "<group>";
		};
		8D8B3ED12798F868002CAC65 /* Products */ = {
			isa = PBXGroup;
			children = (
				8D8B3ED02798F868002CAC65 /* VIPER Architecture.app */,
			);
			name = Products;
			sourceTree = "<group>";
		};
		8D8B3ED22798F868002CAC65 /* VIPER Architecture */ = {
			isa = PBXGroup;
			children = (
				8D8B3EF12798F8FC002CAC65 /* VIPER */,
				8D8B3ED32798F868002CAC65 /* AppDelegate.swift */,
				8D8B3ED52798F868002CAC65 /* SceneDelegate.swift */,
				8D8B3EDC2798F869002CAC65 /* Assets.xcassets */,
				8D8B3EDE2798F869002CAC65 /* LaunchScreen.storyboard */,
				8D8B3EE12798F869002CAC65 /* Info.plist */,
			);
			path = "VIPER Architecture";
			sourceTree = "<group>";
		};
		8D8B3EF12798F8FC002CAC65 /* VIPER */ = {
			isa = PBXGroup;
			children = (
				8D8B3EE72798F891002CAC65 /* View.swift */,
				8D8B3EE92798F8A2002CAC65 /* Interactor.swift */,
				8D8B3EEB2798F8C4002CAC65 /* Presenter.swift */,
				8D8B3EED2798F8DF002CAC65 /* Enity.swift */,
				8D8B3EEF2798F8EC002CAC65 /* Router.swift */,
			);
			path = VIPER;
			sourceTree = "<group>";
		};
/* End PBXGroup section */

/* Begin PBXNativeTarget section */
		8D8B3ECF2798F868002CAC65 /* VIPER Architecture */ = {
			isa = PBXNativeTarget;
			buildConfigurationList = 8D8B3EE42798F869002CAC65 /* Build configuration list for PBXNativeTarget "VIPER Architecture" */;
			buildPhases = (
				8D8B3ECC2798F868002CAC65 /* Sources */,
				8D8B3ECD2798F868002CAC65 /* Frameworks */,
				8D8B3ECE2798F868002CAC65 /* Resources */,
			);
			buildRules = (
			);
			dependencies = (
			);
			name = "VIPER Architecture";
			productName = "VIPER Architecture";
			productReference = 8D8B3ED02798F868002CAC65 /* VIPER Architecture.app */;
			productType = "com.apple.product-type.application";
		};
/* End PBXNativeTarget section */

/* Begin PBXProject section */
		8D8B3EC82798F868002CAC65 /* Project object */ = {
			isa = PBXProject;
			attributes = {
				BuildIndependentTargetsInParallel = 1;
				LastSwiftUpdateCheck = 1320;
				LastUpgradeCheck = 1320;
				TargetAttributes = {
					8D8B3ECF2798F868002CAC65 = {
						CreatedOnToolsVersion = 13.2.1;
					};
				};
			};
			buildConfigurationList = 8D8B3ECB2798F868002CAC65 /* Build configuration list for PBXProject "VIPER Architecture" */;
			compatibilityVersion = "Xcode 13.0";
			developmentRegion = en;
			hasScannedForEncodings = 0;
			knownRegions = (
				en,
				Base,
			);
			mainGroup = 8D8B3EC72798F868002CAC65;
			productRefGroup = 8D8B3ED12798F868002CAC65 /* Products */;
			projectDirPath = "";
			projectRoot = "";
			targets = (
				8D8B3ECF2798F868002CAC65 /* VIPER Architecture */,
			);
		};
/* End PBXProject section */

/* Begin PBXResourcesBuildPhase section */
		8D8B3ECE2798F868002CAC65 /* Resources */ = {
			isa = PBXResourcesBuildPhase;
			buildActionMask = 2147483647;
			files = (
				8D8B3EE02798F869002CAC65 /* LaunchScreen.storyboard in Resources */,
				8D8B3EDD2798F869002CAC65 /* Assets.xcassets in Resources */,
			);
			runOnlyForDeploymentPostprocessing = 0;
		};
/* End PBXResourcesBuildPhase section */

/* Begin PBXSourcesBuildPhase section */
		8D8B3ECC2798F868002CAC65 /* Sources */ = {
			isa = PBXSourcesBuildPhase;
			buildActionMask = 2147483647;
			files = (
				8D8B3EF02798F8EC002CAC65 /* Router.swift in Sources */,
				8D8B3EEC2798F8C4002CAC65 /* Presenter.swift in Sources */,
				8D8B3EE82798F891002CAC65 /* View.swift in Sources */,
				8D8B3EEA2798F8A2002CAC65 /* Interactor.swift in Sources */,
				8D8B3ED42798F868002CAC65 /* AppDelegate.swift in Sources */,
				8D8B3ED62798F868002CAC65 /* SceneDelegate.swift in Sources */,
				8D8B3EEE2798F8DF002CAC65 /* Enity.swift in Sources */,
			);
			runOnlyForDeploymentPostprocessing = 0;
		};
/* End PBXSourcesBuildPhase section */

/* Begin PBXVariantGroup section */
		8D8B3EDE2798F869002CAC65 /* LaunchScreen.storyboard */ = {
			isa = PBXVariantGroup;
			children = (
				8D8B3EDF2798F869002CAC65 /* Base */,
			);
			name = LaunchScreen.storyboard;
			sourceTree = "<group>";
		};
/* End PBXVariantGroup section */

/* Begin XCBuildConfiguration section */
		8D8B3EE22798F869002CAC65 /* Debug */ = {
			isa = XCBuildConfiguration;
			buildSettings = {
				ALWAYS_SEARCH_USER_PATHS = NO;
				CLANG_ANALYZER_NONNULL = YES;
				CLANG_ANALYZER_NUMBER_OBJECT_CONVERSION = YES_AGGRESSIVE;
				CLANG_CXX_LANGUAGE_STANDARD = "gnu++17";
				CLANG_CXX_LIBRARY = "libc++";
				CLANG_ENABLE_MODULES = YES;
				CLANG_ENABLE_OBJC_ARC = YES;
				CLANG_ENABLE_OBJC_WEAK = YES;
				CLANG_WARN_BLOCK_CAPTURE_AUTORELEASING = YES;
				CLANG_WARN_BOOL_CONVERSION = YES;
				CLANG_WARN_COMMA = YES;
				CLANG_WARN_CONSTANT_CONVERSION = YES;
				CLANG_WARN_DEPRECATED_OBJC_IMPLEMENTATIONS = YES;
				CLANG_WARN_DIRECT_OBJC_ISA_USAGE = YES_ERROR;
				CLANG_WARN_DOCUMENTATION_COMMENTS = YES;
				CLANG_WARN_EMPTY_BODY = YES;
				CLANG_WARN_ENUM_CONVERSION = YES;
				CLANG_WARN_INFINITE_RECURSION = YES;
				CLANG_WARN_INT_CONVERSION = YES;
				CLANG_WARN_NON_LITERAL_NULL_CONVERSION = YES;
				CLANG_WARN_OBJC_IMPLICIT_RETAIN_SELF = YES;
				CLANG_WARN_OBJC_LITERAL_CONVERSION = YES;
				CLANG_WARN_OBJC_ROOT_CLASS = YES_ERROR;
				CLANG_WARN_QUOTED_INCLUDE_IN_FRAMEWORK_HEADER = YES;
				CLANG_WARN_RANGE_LOOP_ANALYSIS = YES;
				CLANG_WARN_STRICT_PROTOTYPES = YES;
				CLANG_WARN_SUSPICIOUS_MOVE = YES;
				CLANG_WARN_UNGUARDED_AVAILABILITY = YES_AGGRESSIVE;
				CLANG_WARN_UNREACHABLE_CODE = YES;
				CLANG_WARN__DUPLICATE_METHOD_MATCH = YES;
				COPY_PHASE_STRIP = NO;
				DEBUG_INFORMATION_FORMAT = dwarf;
				ENABLE_STRICT_OBJC_MSGSEND = YES;
				ENABLE_TESTABILITY = YES;
				GCC_C_LANGUAGE_STANDARD = gnu11;
				GCC_DYNAMIC_NO_PIC = NO;
				GCC_NO_COMMON_BLOCKS = YES;
				GCC_OPTIMIZATION_LEVEL = 0;
				GCC_PREPROCESSOR_DEFINITIONS = (
					"DEBUG=1",
					"$(inherited)",
				);
				GCC_WARN_64_TO_32_BIT_CONVERSION = YES;
				GCC_WARN_ABOUT_RETURN_TYPE = YES_ERROR;
				GCC_WARN_UNDECLARED_SELECTOR = YES;
				GCC_WARN_UNINITIALIZED_AUTOS = YES_AGGRESSIVE;
				GCC_WARN_UNUSED_FUNCTION = YES;
				GCC_WARN_UNUSED_VARIABLE = YES;
				IPHONEOS_DEPLOYMENT_TARGET = 15.2;
				MTL_ENABLE_DEBUG_INFO = INCLUDE_SOURCE;
				MTL_FAST_MATH = YES;
				ONLY_ACTIVE_ARCH = YES;
				SDKROOT = iphoneos;
				SWIFT_ACTIVE_COMPILATION_CONDITIONS = DEBUG;
				SWIFT_OPTIMIZATION_LEVEL = "-Onone";
			};
			name = Debug;
		};
		8D8B3EE32798F869002CAC65 /* Release */ = {
			isa = XCBuildConfiguration;
			buildSettings = {
				ALWAYS_SEARCH_USER_PATHS = NO;
				CLANG_ANALYZER_NONNULL = YES;
				CLANG_ANALYZER_NUMBER_OBJECT_CONVERSION = YES_AGGRESSIVE;
				CLANG_CXX_LANGUAGE_STANDARD = "gnu++17";
				CLANG_CXX_LIBRARY = "libc++";
				CLANG_ENABLE_MODULES = YES;
				CLANG_ENABLE_OBJC_ARC = YES;
				CLANG_ENABLE_OBJC_WEAK = YES;
				CLANG_WARN_BLOCK_CAPTURE_AUTORELEASING = YES;
				CLANG_WARN_BOOL_CONVERSION = YES;
				CLANG_WARN_COMMA = YES;
				CLANG_WARN_CONSTANT_CONVERSION = YES;
				CLANG_WARN_DEPRECATED_OBJC_IMPLEMENTATIONS = YES;
				CLANG_WARN_DIRECT_OBJC_ISA_USAGE = YES_ERROR;
				CLANG_WARN_DOCUMENTATION_COMMENTS = YES;
				CLANG_WARN_EMPTY_BODY = YES;
				CLANG_WARN_ENUM_CONVERSION = YES;
				CLANG_WARN_INFINITE_RECURSION = YES;
				CLANG_WARN_INT_CONVERSION = YES;
				CLANG_WARN_NON_LITERAL_NULL_CONVERSION = YES;
				CLANG_WARN_OBJC_IMPLICIT_RETAIN_SELF = YES;
				CLANG_WARN_OBJC_LITERAL_CONVERSION = YES;
				CLANG_WARN_OBJC_ROOT_CLASS = YES_ERROR;
				CLANG_WARN_QUOTED_INCLUDE_IN_FRAMEWORK_HEADER = YES;
				CLANG_WARN_RANGE_LOOP_ANALYSIS = YES;
				CLANG_WARN_STRICT_PROTOTYPES = YES;
				CLANG_WARN_SUSPICIOUS_MOVE = YES;
				CLANG_WARN_UNGUARDED_AVAILABILITY = YES_AGGRESSIVE;
				CLANG_WARN_UNREACHABLE_CODE = YES;
				CLANG_WARN__DUPLICATE_METHOD_MATCH = YES;
				COPY_PHASE_STRIP = NO;
				DEBUG_INFORMATION_FORMAT = "dwarf-with-dsym";
				ENABLE_NS_ASSERTIONS = NO;
				ENABLE_STRICT_OBJC_MSGSEND = YES;
				GCC_C_LANGUAGE_STANDARD = gnu11;
				GCC_NO_COMMON_BLOCKS = YES;
				GCC_WARN_64_TO_32_BIT_CONVERSION = YES;
				GCC_WARN_ABOUT_RETURN_TYPE = YES_ERROR;
				GCC_WARN_UNDECLARED_SELECTOR = YES;
				GCC_WARN_UNINITIALIZED_AUTOS = YES_AGGRESSIVE;
				GCC_WARN_UNUSED_FUNCTION = YES;
				GCC_WARN_UNUSED_VARIABLE = YES;
				IPHONEOS_DEPLOYMENT_TARGET = 15.2;
				MTL_ENABLE_DEBUG_INFO = NO;
				MTL_FAST_MATH = YES;
				SDKROOT = iphoneos;
				SWIFT_COMPILATION_MODE = wholemodule;
				SWIFT_OPTIMIZATION_LEVEL = "-O";
				VALIDATE_PRODUCT = YES;
			};
			name = Release;
		};
		8D8B3EE52798F869002CAC65 /* Debug */ = {
			isa = XCBuildConfiguration;
			buildSettings = {
				ASSETCATALOG_COMPILER_APPICON_NAME = AppIcon;
				ASSETCATALOG_COMPILER_GLOBAL_ACCENT_COLOR_NAME = AccentColor;
				CODE_SIGN_STYLE = Automatic;
				CURRENT_PROJECT_VERSION = 1;
				GENERATE_INFOPLIST_FILE = YES;
				INFOPLIST_FILE = "VIPER Architecture/Info.plist";
				INFOPLIST_KEY_UIApplicationSupportsIndirectInputEvents = YES;
				INFOPLIST_KEY_UILaunchStoryboardName = LaunchScreen;
				INFOPLIST_KEY_UISupportedInterfaceOrientations_iPad = "UIInterfaceOrientationPortrait UIInterfaceOrientationPortraitUpsideDown UIInterfaceOrientationLandscapeLeft UIInterfaceOrientationLandscapeRight";
				INFOPLIST_KEY_UISupportedInterfaceOrientations_iPhone = "UIInterfaceOrientationPortrait UIInterfaceOrientationLandscapeLeft UIInterfaceOrientationLandscapeRight";
				LD_RUNPATH_SEARCH_PATHS = (
					"$(inherited)",
					"@executable_path/Frameworks",
				);
				MARKETING_VERSION = 1.0;
				PRODUCT_BUNDLE_IDENTIFIER = "com.haolam.VIPER-Architecture";
				PRODUCT_NAME = "$(TARGET_NAME)";
				SWIFT_EMIT_LOC_STRINGS = YES;
				SWIFT_VERSION = 5.0;
				TARGETED_DEVICE_FAMILY = "1,2";
			};
			name = Debug;
		};
		8D8B3EE62798F869002CAC65 /* Release */ = {
			isa = XCBuildConfiguration;
			buildSettings = {
				ASSETCATALOG_COMPILER_APPICON_NAME = AppIcon;
				ASSETCATALOG_COMPILER_GLOBAL_ACCENT_COLOR_NAME = AccentColor;
				CODE_SIGN_STYLE = Automatic;
				CURRENT_PROJECT_VERSION = 1;
				GENERATE_INFOPLIST_FILE = YES;
				INFOPLIST_FILE = "VIPER Architecture/Info.plist";
				INFOPLIST_KEY_UIApplicationSupportsIndirectInputEvents = YES;
				INFOPLIST_KEY_UILaunchStoryboardName = LaunchScreen;
				INFOPLIST_KEY_UISupportedInterfaceOrientations_iPad = "UIInterfaceOrientationPortrait UIInterfaceOrientationPortraitUpsideDown UIInterfaceOrientationLandscapeLeft UIInterfaceOrientationLandscapeRight";
				INFOPLIST_KEY_UISupportedInterfaceOrientations_iPhone = "UIInterfaceOrientationPortrait UIInterfaceOrientationLandscapeLeft UIInterfaceOrientationLandscapeRight";
				LD_RUNPATH_SEARCH_PATHS = (
					"$(inherited)",
					"@executable_path/Frameworks",
				);
				MARKETING_VERSION = 1.0;
				PRODUCT_BUNDLE_IDENTIFIER = "com.haolam.VIPER-Architecture";
				PRODUCT_NAME = "$(TARGET_NAME)";
				SWIFT_EMIT_LOC_STRINGS = YES;
				SWIFT_VERSION = 5.0;
				TARGETED_DEVICE_FAMILY = "1,2";
			};
			name = Release;
		};
/* End XCBuildConfiguration section */

/* Begin XCConfigurationList section */
		8D8B3ECB2798F868002CAC65 /* Build configuration list for PBXProject "VIPER Architecture" */ = {
			isa = XCConfigurationList;
			buildConfigurations = (
				8D8B3EE22798F869002CAC65 /* Debug */,
				8D8B3EE32798F869002CAC65 /* Release */,
			);
			defaultConfigurationIsVisible = 0;
			defaultConfigurationName = Release;
		};
		8D8B3EE42798F869002CAC65 /* Build configuration list for PBXNativeTarget "VIPER Architecture" */ = {
			isa = XCConfigurationList;
			buildConfigurations = (
				8D8B3EE52798F869002CAC65 /* Debug */,
				8D8B3EE62798F869002CAC65 /* Release */,
			);
			defaultConfigurationIsVisible = 0;
			defaultConfigurationName = Release;
		};
/* End XCConfigurationList section */
	};
	rootObject = 8D8B3EC82798F868002CAC65 /* Project object */;
}
